
Microsoft Visual Studio Solution File, Format Version 12.00
# Visual Studio Version 17
VisualStudioVersion = 17.9.34902.65
MinimumVisualStudioVersion = 10.0.40219.1
Project("{F184B08F-C81C-45F6-A57F-5ABD9991F28F}") = "BatchToApp", "BatchToApp.vbproj", "{E107B54E-0064-4CD0-BD47-B5858DE2AFF5}"
EndProject
Global
	GlobalSection(SolutionConfigurationPlatforms) = preSolution
		Debug|Any CPU = Debug|Any CPU
		Release|Any CPU = Release|Any CPU
	EndGlobalSection
	GlobalSection(ProjectConfigurationPlatforms) = postSolution
		{E107B54E-0064-4CD0-BD47-B5858DE2AFF5}.Debug|Any CPU.ActiveCfg = Debug|Any CPU
		{E107B54E-0064-4CD0-BD47-B5858DE2AFF5}.Debug|Any CPU.Build.0 = Debug|Any CPU
		{E107B54E-0064-4CD0-BD47-B5858DE2AFF5}.Release|Any CPU.ActiveCfg = Release|Any CPU
		{E107B54E-0064-4CD0-BD47-B5858DE2AFF5}.Release|Any CPU.Build.0 = Release|Any CPU
	EndGlobalSection
	GlobalSection(SolutionProperties) = preSolution
		HideSolutionNode = FALSE
	EndGlobalSection
	GlobalSection(ExtensibilityGlobals) = postSolution
		SolutionGuid = {DCBEDD03-556E-4017-B782-0ED00038B96B}
	EndGlobalSection
EndGlobal
